// !$*UTF8*$!
{
	archiveVersion = 1;
	classes = {
	};
	objectVersion = 56;
	objects = {

/* Begin PBXBuildFile section */
		041C97AC2C7464C6004F978C /* CategoryCollectionViewCell.swift in Sources */ = {isa = PBXBuildFile; fileRef = 041C97AA2C7464C6004F978C /* CategoryCollectionViewCell.swift */; };
		041C97AD2C7464C6004F978C /* CategoryCollectionViewCell.xib in Resources */ = {isa = PBXBuildFile; fileRef = 041C97AB2C7464C6004F978C /* CategoryCollectionViewCell.xib */; };
		041C97AF2C74668B004F978C /* DishCategory.swift in Sources */ = {isa = PBXBuildFile; fileRef = 041C97AE2C74668B004F978C /* DishCategory.swift */; };
		041C97B12C746C77004F978C /* String+Extension.swift in Sources */ = {isa = PBXBuildFile; fileRef = 041C97B02C746C77004F978C /* String+Extension.swift */; };
		041C97B52C74739D004F978C /* CardView.swift in Sources */ = {isa = PBXBuildFile; fileRef = 041C97B42C74739D004F978C /* CardView.swift */; };
		04279C542C6FF09200407297 /* AppDelegate.swift in Sources */ = {isa = PBXBuildFile; fileRef = 04279C532C6FF09200407297 /* AppDelegate.swift */; };
		04279C562C6FF09200407297 /* SceneDelegate.swift in Sources */ = {isa = PBXBuildFile; fileRef = 04279C552C6FF09200407297 /* SceneDelegate.swift */; };
		04279C5B2C6FF09200407297 /* Main.storyboard in Resources */ = {isa = PBXBuildFile; fileRef = 04279C592C6FF09200407297 /* Main.storyboard */; };
		04279C5E2C6FF09200407297 /* QuickBite.xcdatamodeld in Sources */ = {isa = PBXBuildFile; fileRef = 04279C5C2C6FF09200407297 /* QuickBite.xcdatamodeld */; };
		04279C602C6FF09300407297 /* Assets.xcassets in Resources */ = {isa = PBXBuildFile; fileRef = 04279C5F2C6FF09300407297 /* Assets.xcassets */; };
		04279C632C6FF09300407297 /* LaunchScreen.storyboard in Resources */ = {isa = PBXBuildFile; fileRef = 04279C612C6FF09300407297 /* LaunchScreen.storyboard */; };
		04279C772C7072CC00407297 /* OnBoardingCollectionViewCell.swift in Sources */ = {isa = PBXBuildFile; fileRef = 04279C762C7072CC00407297 /* OnBoardingCollectionViewCell.swift */; };
		04279C792C7072E600407297 /* OnBoardingViewController.swift in Sources */ = {isa = PBXBuildFile; fileRef = 04279C782C7072E600407297 /* OnBoardingViewController.swift */; };
		04279C7B2C70737600407297 /* OnBoradingSlide.swift in Sources */ = {isa = PBXBuildFile; fileRef = 04279C7A2C70737600407297 /* OnBoradingSlide.swift */; };
		0446E94C2C707E82003A986F /* UserDefualt+Extension.swift in Sources */ = {isa = PBXBuildFile; fileRef = 0446E94B2C707E82003A986F /* UserDefualt+Extension.swift */; };
		0446E94E2C707EDE003A986F /* HomeViewController.swift in Sources */ = {isa = PBXBuildFile; fileRef = 0446E94D2C707EDE003A986F /* HomeViewController.swift */; };
		0446E9512C70F567003A986F /* UIView+Extension.swift in Sources */ = {isa = PBXBuildFile; fileRef = 0446E9502C70F567003A986F /* UIView+Extension.swift */; };
		0447F5862C75B2AD0039AB50 /* PopualerCollectionViewCell.swift in Sources */ = {isa = PBXBuildFile; fileRef = 0447F5842C75B2AD0039AB50 /* PopualerCollectionViewCell.swift */; };
		0447F5872C75B2AD0039AB50 /* PopualerCollectionViewCell.xib in Resources */ = {isa = PBXBuildFile; fileRef = 0447F5852C75B2AD0039AB50 /* PopualerCollectionViewCell.xib */; };
		0447F5892C75B6480039AB50 /* Dish.swift in Sources */ = {isa = PBXBuildFile; fileRef = 0447F5882C75B6480039AB50 /* Dish.swift */; };
		044997332C7631250082669D /* ChiefCollectionViewCell.swift in Sources */ = {isa = PBXBuildFile; fileRef = 044997312C7631250082669D /* ChiefCollectionViewCell.swift */; };
		044997342C7631250082669D /* ChiefCollectionViewCell.xib in Resources */ = {isa = PBXBuildFile; fileRef = 044997322C7631250082669D /* ChiefCollectionViewCell.xib */; };
		6DBABA7EB900EFBA7B309B1A /* Pods_QuickBite.framework in Frameworks */ = {isa = PBXBuildFile; fileRef = 3A43BD3687B13BA73511F80F /* Pods_QuickBite.framework */; };
/* End PBXBuildFile section */

/* Begin PBXFileReference section */
		041C97AA2C7464C6004F978C /* CategoryCollectionViewCell.swift */ = {isa = PBXFileReference; lastKnownFileType = sourcecode.swift; path = CategoryCollectionViewCell.swift; sourceTree = "<group>"; };
		041C97AB2C7464C6004F978C /* CategoryCollectionViewCell.xib */ = {isa = PBXFileReference; lastKnownFileType = file.xib; path = CategoryCollectionViewCell.xib; sourceTree = "<group>"; };
		041C97AE2C74668B004F978C /* DishCategory.swift */ = {isa = PBXFileReference; lastKnownFileType = sourcecode.swift; path = DishCategory.swift; sourceTree = "<group>"; };
		041C97B02C746C77004F978C /* String+Extension.swift */ = {isa = PBXFileReference; lastKnownFileType = sourcecode.swift; path = "String+Extension.swift"; sourceTree = "<group>"; };
		041C97B42C74739D004F978C /* CardView.swift */ = {isa = PBXFileReference; lastKnownFileType = sourcecode.swift; path = CardView.swift; sourceTree = "<group>"; };
		04279C502C6FF09200407297 /* QuickBite.app */ = {isa = PBXFileReference; explicitFileType = wrapper.application; includeInIndex = 0; path = QuickBite.app; sourceTree = BUILT_PRODUCTS_DIR; };
		04279C532C6FF09200407297 /* AppDelegate.swift */ = {isa = PBXFileReference; lastKnownFileType = sourcecode.swift; path = AppDelegate.swift; sourceTree = "<group>"; };
		04279C552C6FF09200407297 /* SceneDelegate.swift */ = {isa = PBXFileReference; lastKnownFileType = sourcecode.swift; path = SceneDelegate.swift; sourceTree = "<group>"; };
		04279C5A2C6FF09200407297 /* Base */ = {isa = PBXFileReference; lastKnownFileType = file.storyboard; name = Base; path = Base.lproj/Main.storyboard; sourceTree = "<group>"; };
		04279C5D2C6FF09200407297 /* QuickBite.xcdatamodel */ = {isa = PBXFileReference; lastKnownFileType = wrapper.xcdatamodel; path = QuickBite.xcdatamodel; sourceTree = "<group>"; };
		04279C5F2C6FF09300407297 /* Assets.xcassets */ = {isa = PBXFileReference; lastKnownFileType = folder.assetcatalog; path = Assets.xcassets; sourceTree = "<group>"; };
		04279C622C6FF09300407297 /* Base */ = {isa = PBXFileReference; lastKnownFileType = file.storyboard; name = Base; path = Base.lproj/LaunchScreen.storyboard; sourceTree = "<group>"; };
		04279C642C6FF09300407297 /* Info.plist */ = {isa = PBXFileReference; lastKnownFileType = text.plist.xml; path = Info.plist; sourceTree = "<group>"; };
		04279C762C7072CC00407297 /* OnBoardingCollectionViewCell.swift */ = {isa = PBXFileReference; lastKnownFileType = sourcecode.swift; path = OnBoardingCollectionViewCell.swift; sourceTree = "<group>"; };
		04279C782C7072E600407297 /* OnBoardingViewController.swift */ = {isa = PBXFileReference; lastKnownFileType = sourcecode.swift; path = OnBoardingViewController.swift; sourceTree = "<group>"; };
		04279C7A2C70737600407297 /* OnBoradingSlide.swift */ = {isa = PBXFileReference; lastKnownFileType = sourcecode.swift; path = OnBoradingSlide.swift; sourceTree = "<group>"; };
		0446E94B2C707E82003A986F /* UserDefualt+Extension.swift */ = {isa = PBXFileReference; lastKnownFileType = sourcecode.swift; path = "UserDefualt+Extension.swift"; sourceTree = "<group>"; };
		0446E94D2C707EDE003A986F /* HomeViewController.swift */ = {isa = PBXFileReference; lastKnownFileType = sourcecode.swift; path = HomeViewController.swift; sourceTree = "<group>"; };
		0446E9502C70F567003A986F /* UIView+Extension.swift */ = {isa = PBXFileReference; lastKnownFileType = sourcecode.swift; path = "UIView+Extension.swift"; sourceTree = "<group>"; };
		0447F5842C75B2AD0039AB50 /* PopualerCollectionViewCell.swift */ = {isa = PBXFileReference; lastKnownFileType = sourcecode.swift; path = PopualerCollectionViewCell.swift; sourceTree = "<group>"; };
		0447F5852C75B2AD0039AB50 /* PopualerCollectionViewCell.xib */ = {isa = PBXFileReference; lastKnownFileType = file.xib; path = PopualerCollectionViewCell.xib; sourceTree = "<group>"; };
		0447F5882C75B6480039AB50 /* Dish.swift */ = {isa = PBXFileReference; lastKnownFileType = sourcecode.swift; path = Dish.swift; sourceTree = "<group>"; };
		044997312C7631250082669D /* ChiefCollectionViewCell.swift */ = {isa = PBXFileReference; lastKnownFileType = sourcecode.swift; path = ChiefCollectionViewCell.swift; sourceTree = "<group>"; };
		044997322C7631250082669D /* ChiefCollectionViewCell.xib */ = {isa = PBXFileReference; lastKnownFileType = file.xib; path = ChiefCollectionViewCell.xib; sourceTree = "<group>"; };
		0BF93E051224A39FC464518E /* Pods-QuickBite.release.xcconfig */ = {isa = PBXFileReference; includeInIndex = 1; lastKnownFileType = text.xcconfig; name = "Pods-QuickBite.release.xcconfig"; path = "Target Support Files/Pods-QuickBite/Pods-QuickBite.release.xcconfig"; sourceTree = "<group>"; };
		3A43BD3687B13BA73511F80F /* Pods_QuickBite.framework */ = {isa = PBXFileReference; explicitFileType = wrapper.framework; includeInIndex = 0; path = Pods_QuickBite.framework; sourceTree = BUILT_PRODUCTS_DIR; };
		63E002F13CE3F0B57F3D4E36 /* Pods-QuickBite.debug.xcconfig */ = {isa = PBXFileReference; includeInIndex = 1; lastKnownFileType = text.xcconfig; name = "Pods-QuickBite.debug.xcconfig"; path = "Target Support Files/Pods-QuickBite/Pods-QuickBite.debug.xcconfig"; sourceTree = "<group>"; };
/* End PBXFileReference section */

/* Begin PBXFrameworksBuildPhase section */
		04279C4D2C6FF09200407297 /* Frameworks */ = {
			isa = PBXFrameworksBuildPhase;
			buildActionMask = 2147483647;
			files = (
				6DBABA7EB900EFBA7B309B1A /* Pods_QuickBite.framework in Frameworks */,
			);
			runOnlyForDeploymentPostprocessing = 0;
		};
/* End PBXFrameworksBuildPhase section */

/* Begin PBXGroup section */
		041C97A72C74641D004F978C /* CollectionViewCells */ = {
			isa = PBXGroup;
			children = (
				0447F5832C75B1160039AB50 /* ChiefCollectionViewCell */,
				0447F5822C75B0C50039AB50 /* PopualerCollectionViewCell */,
				041C97A92C746473004F978C /* CategoryCollectionViewCell */,
			);
			path = CollectionViewCells;
			sourceTree = "<group>";
		};
		041C97A82C746441004F978C /* CardView */ = {
			isa = PBXGroup;
			children = (
			);
			path = CardView;
			sourceTree = "<group>";
		};
		041C97A92C746473004F978C /* CategoryCollectionViewCell */ = {
			isa = PBXGroup;
			children = (
				041C97AA2C7464C6004F978C /* CategoryCollectionViewCell.swift */,
				041C97AB2C7464C6004F978C /* CategoryCollectionViewCell.xib */,
			);
			path = CategoryCollectionViewCell;
			sourceTree = "<group>";
		};
		04279C472C6FF09200407297 = {
			isa = PBXGroup;
			children = (
				04279C522C6FF09200407297 /* QuickBite */,
				04279C512C6FF09200407297 /* Products */,
				E3F12653F43E98B8BA653E77 /* Pods */,
				20F3C296D65D60B5960FF810 /* Frameworks */,
			);
			sourceTree = "<group>";
		};
		04279C512C6FF09200407297 /* Products */ = {
			isa = PBXGroup;
			children = (
				04279C502C6FF09200407297 /* QuickBite.app */,
			);
			name = Products;
			sourceTree = "<group>";
		};
		04279C522C6FF09200407297 /* QuickBite */ = {
			isa = PBXGroup;
			children = (
				04279C6E2C6FF13B00407297 /* Networking */,
				04279C6D2C6FF12F00407297 /* Model */,
				04279C6C2C6FF12300407297 /* Extensions */,
				04279C6B2C6FF11B00407297 /* CustomViews */,
				04279C6A2C6FF11200407297 /* Views */,
				04279C592C6FF09200407297 /* Main.storyboard */,
				04279C5F2C6FF09300407297 /* Assets.xcassets */,
				04279C612C6FF09300407297 /* LaunchScreen.storyboard */,
				04279C642C6FF09300407297 /* Info.plist */,
				04279C5C2C6FF09200407297 /* QuickBite.xcdatamodeld */,
			);
			path = QuickBite;
			sourceTree = "<group>";
		};
		04279C6A2C6FF11200407297 /* Views */ = {
			isa = PBXGroup;
			children = (
				0446E94F2C70811F003A986F /* Home */,
				04279C752C7072B800407297 /* OnBoarding */,
				04279C6F2C6FF14700407297 /* App */,
			);
			path = Views;
			sourceTree = "<group>";
		};
		04279C6B2C6FF11B00407297 /* CustomViews */ = {
			isa = PBXGroup;
			children = (
				041C97A82C746441004F978C /* CardView */,
				041C97A72C74641D004F978C /* CollectionViewCells */,
			);
			path = CustomViews;
			sourceTree = "<group>";
		};
		04279C6C2C6FF12300407297 /* Extensions */ = {
			isa = PBXGroup;
			children = (
				041C97B42C74739D004F978C /* CardView.swift */,
				0446E94B2C707E82003A986F /* UserDefualt+Extension.swift */,
				0446E9502C70F567003A986F /* UIView+Extension.swift */,
				041C97B02C746C77004F978C /* String+Extension.swift */,
			);
			path = Extensions;
			sourceTree = "<group>";
		};
		04279C6D2C6FF12F00407297 /* Model */ = {
			isa = PBXGroup;
			children = (
				04279C7A2C70737600407297 /* OnBoradingSlide.swift */,
				041C97AE2C74668B004F978C /* DishCategory.swift */,
				0447F5882C75B6480039AB50 /* Dish.swift */,
			);
			path = Model;
			sourceTree = "<group>";
		};
		04279C6E2C6FF13B00407297 /* Networking */ = {
			isa = PBXGroup;
			children = (
			);
			path = Networking;
			sourceTree = "<group>";
		};
		04279C6F2C6FF14700407297 /* App */ = {
			isa = PBXGroup;
			children = (
				04279C532C6FF09200407297 /* AppDelegate.swift */,
				04279C552C6FF09200407297 /* SceneDelegate.swift */,
			);
			path = App;
			sourceTree = "<group>";
		};
		04279C752C7072B800407297 /* OnBoarding */ = {
			isa = PBXGroup;
			children = (
				04279C762C7072CC00407297 /* OnBoardingCollectionViewCell.swift */,
				04279C782C7072E600407297 /* OnBoardingViewController.swift */,
			);
			path = OnBoarding;
			sourceTree = "<group>";
		};
		0446E94F2C70811F003A986F /* Home */ = {
			isa = PBXGroup;
			children = (
				0446E94D2C707EDE003A986F /* HomeViewController.swift */,
			);
			path = Home;
			sourceTree = "<group>";
		};
		0447F5822C75B0C50039AB50 /* PopualerCollectionViewCell */ = {
			isa = PBXGroup;
			children = (
				0447F5842C75B2AD0039AB50 /* PopualerCollectionViewCell.swift */,
				0447F5852C75B2AD0039AB50 /* PopualerCollectionViewCell.xib */,
			);
			path = PopualerCollectionViewCell;
			sourceTree = "<group>";
		};
		0447F5832C75B1160039AB50 /* ChiefCollectionViewCell */ = {
			isa = PBXGroup;
			children = (
				044997312C7631250082669D /* ChiefCollectionViewCell.swift */,
				044997322C7631250082669D /* ChiefCollectionViewCell.xib */,
			);
			path = ChiefCollectionViewCell;
			sourceTree = "<group>";
		};
		20F3C296D65D60B5960FF810 /* Frameworks */ = {
			isa = PBXGroup;
			children = (
				3A43BD3687B13BA73511F80F /* Pods_QuickBite.framework */,
			);
			name = Frameworks;
			sourceTree = "<group>";
		};
		E3F12653F43E98B8BA653E77 /* Pods */ = {
			isa = PBXGroup;
			children = (
				63E002F13CE3F0B57F3D4E36 /* Pods-QuickBite.debug.xcconfig */,
				0BF93E051224A39FC464518E /* Pods-QuickBite.release.xcconfig */,
			);
			path = Pods;
			sourceTree = "<group>";
		};
/* End PBXGroup section */

/* Begin PBXNativeTarget section */
		04279C4F2C6FF09200407297 /* QuickBite */ = {
			isa = PBXNativeTarget;
			buildConfigurationList = 04279C672C6FF09300407297 /* Build configuration list for PBXNativeTarget "QuickBite" */;
			buildPhases = (
				B01851E4EA4D179239C4C467 /* [CP] Check Pods Manifest.lock */,
				04279C4C2C6FF09200407297 /* Sources */,
				04279C4D2C6FF09200407297 /* Frameworks */,
				04279C4E2C6FF09200407297 /* Resources */,
				7747DD3751E3B96196037137 /* [CP] Embed Pods Frameworks */,
			);
			buildRules = (
			);
			dependencies = (
			);
			name = QuickBite;
			productName = QuickBite;
			productReference = 04279C502C6FF09200407297 /* QuickBite.app */;
			productType = "com.apple.product-type.application";
		};
/* End PBXNativeTarget section */

/* Begin PBXProject section */
		04279C482C6FF09200407297 /* Project object */ = {
			isa = PBXProject;
			attributes = {
				BuildIndependentTargetsInParallel = 1;
				LastSwiftUpdateCheck = 1410;
				LastUpgradeCheck = 1410;
				TargetAttributes = {
					04279C4F2C6FF09200407297 = {
						CreatedOnToolsVersion = 14.1;
					};
				};
			};
			buildConfigurationList = 04279C4B2C6FF09200407297 /* Build configuration list for PBXProject "QuickBite" */;
			compatibilityVersion = "Xcode 14.0";
			developmentRegion = en;
			hasScannedForEncodings = 0;
			knownRegions = (
				en,
				Base,
			);
			mainGroup = 04279C472C6FF09200407297;
			productRefGroup = 04279C512C6FF09200407297 /* Products */;
			projectDirPath = "";
			projectRoot = "";
			targets = (
				04279C4F2C6FF09200407297 /* QuickBite */,
			);
		};
/* End PBXProject section */

/* Begin PBXResourcesBuildPhase section */
		04279C4E2C6FF09200407297 /* Resources */ = {
			isa = PBXResourcesBuildPhase;
			buildActionMask = 2147483647;
			files = (
				044997342C7631250082669D /* ChiefCollectionViewCell.xib in Resources */,
				041C97AD2C7464C6004F978C /* CategoryCollectionViewCell.xib in Resources */,
				04279C632C6FF09300407297 /* LaunchScreen.storyboard in Resources */,
				04279C602C6FF09300407297 /* Assets.xcassets in Resources */,
				04279C5B2C6FF09200407297 /* Main.storyboard in Resources */,
				0447F5872C75B2AD0039AB50 /* PopualerCollectionViewCell.xib in Resources */,
			);
			runOnlyForDeploymentPostprocessing = 0;
		};
/* End PBXResourcesBuildPhase section */

/* Begin PBXShellScriptBuildPhase section */
		7747DD3751E3B96196037137 /* [CP] Embed Pods Frameworks */ = {
			isa = PBXShellScriptBuildPhase;
			buildActionMask = 2147483647;
			files = (
			);
			inputFileListPaths = (
				"${PODS_ROOT}/Target Support Files/Pods-QuickBite/Pods-QuickBite-frameworks-${CONFIGURATION}-input-files.xcfilelist",
			);
			name = "[CP] Embed Pods Frameworks";
			outputFileListPaths = (
				"${PODS_ROOT}/Target Support Files/Pods-QuickBite/Pods-QuickBite-frameworks-${CONFIGURATION}-output-files.xcfilelist",
			);
			runOnlyForDeploymentPostprocessing = 0;
			shellPath = /bin/sh;
			shellScript = "\"${PODS_ROOT}/Target Support Files/Pods-QuickBite/Pods-QuickBite-frameworks.sh\"\n";
			showEnvVarsInLog = 0;
		};
		B01851E4EA4D179239C4C467 /* [CP] Check Pods Manifest.lock */ = {
			isa = PBXShellScriptBuildPhase;
			buildActionMask = 2147483647;
			files = (
			);
			inputFileListPaths = (
			);
			inputPaths = (
				"${PODS_PODFILE_DIR_PATH}/Podfile.lock",
				"${PODS_ROOT}/Manifest.lock",
			);
			name = "[CP] Check Pods Manifest.lock";
			outputFileListPaths = (
			);
			outputPaths = (
				"$(DERIVED_FILE_DIR)/Pods-QuickBite-checkManifestLockResult.txt",
			);
			runOnlyForDeploymentPostprocessing = 0;
			shellPath = /bin/sh;
			shellScript = "diff \"${PODS_PODFILE_DIR_PATH}/Podfile.lock\" \"${PODS_ROOT}/Manifest.lock\" > /dev/null\nif [ $? != 0 ] ; then\n    # print error to STDERR\n    echo \"error: The sandbox is not in sync with the Podfile.lock. Run 'pod install' or update your CocoaPods installation.\" >&2\n    exit 1\nfi\n# This output is used by Xcode 'outputs' to avoid re-running this script phase.\necho \"SUCCESS\" > \"${SCRIPT_OUTPUT_FILE_0}\"\n";
			showEnvVarsInLog = 0;
		};
/* End PBXShellScriptBuildPhase section */

/* Begin PBXSourcesBuildPhase section */
		04279C4C2C6FF09200407297 /* Sources */ = {
			isa = PBXSourcesBuildPhase;
			buildActionMask = 2147483647;
			files = (
				04279C542C6FF09200407297 /* AppDelegate.swift in Sources */,
				04279C7B2C70737600407297 /* OnBoradingSlide.swift in Sources */,
				0446E94C2C707E82003A986F /* UserDefualt+Extension.swift in Sources */,
				0446E9512C70F567003A986F /* UIView+Extension.swift in Sources */,
				041C97B12C746C77004F978C /* String+Extension.swift in Sources */,
				0446E94E2C707EDE003A986F /* HomeViewController.swift in Sources */,
				0447F5892C75B6480039AB50 /* Dish.swift in Sources */,
				04279C562C6FF09200407297 /* SceneDelegate.swift in Sources */,
				041C97B52C74739D004F978C /* CardView.swift in Sources */,
				0447F5862C75B2AD0039AB50 /* PopualerCollectionViewCell.swift in Sources */,
				041C97AC2C7464C6004F978C /* CategoryCollectionViewCell.swift in Sources */,
				041C97AF2C74668B004F978C /* DishCategory.swift in Sources */,
				04279C792C7072E600407297 /* OnBoardingViewController.swift in Sources */,
				04279C772C7072CC00407297 /* OnBoardingCollectionViewCell.swift in Sources */,
				044997332C7631250082669D /* ChiefCollectionViewCell.swift in Sources */,
				04279C5E2C6FF09200407297 /* QuickBite.xcdatamodeld in Sources */,
			);
			runOnlyForDeploymentPostprocessing = 0;
		};
/* End PBXSourcesBuildPhase section */

/* Begin PBXVariantGroup section */
		04279C592C6FF09200407297 /* Main.storyboard */ = {
			isa = PBXVariantGroup;
			children = (
				04279C5A2C6FF09200407297 /* Base */,
			);
			name = Main.storyboard;
			sourceTree = "<group>";
		};
		04279C612C6FF09300407297 /* LaunchScreen.storyboard */ = {
			isa = PBXVariantGroup;
			children = (
				04279C622C6FF09300407297 /* Base */,
			);
			name = LaunchScreen.storyboard;
			sourceTree = "<group>";
		};
/* End PBXVariantGroup section */

/* Begin XCBuildConfiguration section */
		04279C652C6FF09300407297 /* Debug */ = {
			isa = XCBuildConfiguration;
			buildSettings = {
				ALWAYS_SEARCH_USER_PATHS = NO;
				CLANG_ANALYZER_NONNULL = YES;
				CLANG_ANALYZER_NUMBER_OBJECT_CONVERSION = YES_AGGRESSIVE;
				CLANG_CXX_LANGUAGE_STANDARD = "gnu++20";
				CLANG_ENABLE_MODULES = YES;
				CLANG_ENABLE_OBJC_ARC = YES;
				CLANG_ENABLE_OBJC_WEAK = YES;
				CLANG_WARN_BLOCK_CAPTURE_AUTORELEASING = YES;
				CLANG_WARN_BOOL_CONVERSION = YES;
				CLANG_WARN_COMMA = YES;
				CLANG_WARN_CONSTANT_CONVERSION = YES;
				CLANG_WARN_DEPRECATED_OBJC_IMPLEMENTATIONS = YES;
				CLANG_WARN_DIRECT_OBJC_ISA_USAGE = YES_ERROR;
				CLANG_WARN_DOCUMENTATION_COMMENTS = YES;
				CLANG_WARN_EMPTY_BODY = YES;
				CLANG_WARN_ENUM_CONVERSION = YES;
				CLANG_WARN_INFINITE_RECURSION = YES;
				CLANG_WARN_INT_CONVERSION = YES;
				CLANG_WARN_NON_LITERAL_NULL_CONVERSION = YES;
				CLANG_WARN_OBJC_IMPLICIT_RETAIN_SELF = YES;
				CLANG_WARN_OBJC_LITERAL_CONVERSION = YES;
				CLANG_WARN_OBJC_ROOT_CLASS = YES_ERROR;
				CLANG_WARN_QUOTED_INCLUDE_IN_FRAMEWORK_HEADER = YES;
				CLANG_WARN_RANGE_LOOP_ANALYSIS = YES;
				CLANG_WARN_STRICT_PROTOTYPES = YES;
				CLANG_WARN_SUSPICIOUS_MOVE = YES;
				CLANG_WARN_UNGUARDED_AVAILABILITY = YES_AGGRESSIVE;
				CLANG_WARN_UNREACHABLE_CODE = YES;
				CLANG_WARN__DUPLICATE_METHOD_MATCH = YES;
				COPY_PHASE_STRIP = NO;
				DEBUG_INFORMATION_FORMAT = dwarf;
				ENABLE_STRICT_OBJC_MSGSEND = YES;
				ENABLE_TESTABILITY = YES;
				GCC_C_LANGUAGE_STANDARD = gnu11;
				GCC_DYNAMIC_NO_PIC = NO;
				GCC_NO_COMMON_BLOCKS = YES;
				GCC_OPTIMIZATION_LEVEL = 0;
				GCC_PREPROCESSOR_DEFINITIONS = (
					"DEBUG=1",
					"$(inherited)",
				);
				GCC_WARN_64_TO_32_BIT_CONVERSION = YES;
				GCC_WARN_ABOUT_RETURN_TYPE = YES_ERROR;
				GCC_WARN_UNDECLARED_SELECTOR = YES;
				GCC_WARN_UNINITIALIZED_AUTOS = YES_AGGRESSIVE;
				GCC_WARN_UNUSED_FUNCTION = YES;
				GCC_WARN_UNUSED_VARIABLE = YES;
				IPHONEOS_DEPLOYMENT_TARGET = 16.1;
				MTL_ENABLE_DEBUG_INFO = INCLUDE_SOURCE;
				MTL_FAST_MATH = YES;
				ONLY_ACTIVE_ARCH = YES;
				SDKROOT = iphoneos;
				SWIFT_ACTIVE_COMPILATION_CONDITIONS = DEBUG;
				SWIFT_OPTIMIZATION_LEVEL = "-Onone";
			};
			name = Debug;
		};
		04279C662C6FF09300407297 /* Release */ = {
			isa = XCBuildConfiguration;
			buildSettings = {
				ALWAYS_SEARCH_USER_PATHS = NO;
				CLANG_ANALYZER_NONNULL = YES;
				CLANG_ANALYZER_NUMBER_OBJECT_CONVERSION = YES_AGGRESSIVE;
				CLANG_CXX_LANGUAGE_STANDARD = "gnu++20";
				CLANG_ENABLE_MODULES = YES;
				CLANG_ENABLE_OBJC_ARC = YES;
				CLANG_ENABLE_OBJC_WEAK = YES;
				CLANG_WARN_BLOCK_CAPTURE_AUTORELEASING = YES;
				CLANG_WARN_BOOL_CONVERSION = YES;
				CLANG_WARN_COMMA = YES;
				CLANG_WARN_CONSTANT_CONVERSION = YES;
				CLANG_WARN_DEPRECATED_OBJC_IMPLEMENTATIONS = YES;
				CLANG_WARN_DIRECT_OBJC_ISA_USAGE = YES_ERROR;
				CLANG_WARN_DOCUMENTATION_COMMENTS = YES;
				CLANG_WARN_EMPTY_BODY = YES;
				CLANG_WARN_ENUM_CONVERSION = YES;
				CLANG_WARN_INFINITE_RECURSION = YES;
				CLANG_WARN_INT_CONVERSION = YES;
				CLANG_WARN_NON_LITERAL_NULL_CONVERSION = YES;
				CLANG_WARN_OBJC_IMPLICIT_RETAIN_SELF = YES;
				CLANG_WARN_OBJC_LITERAL_CONVERSION = YES;
				CLANG_WARN_OBJC_ROOT_CLASS = YES_ERROR;
				CLANG_WARN_QUOTED_INCLUDE_IN_FRAMEWORK_HEADER = YES;
				CLANG_WARN_RANGE_LOOP_ANALYSIS = YES;
				CLANG_WARN_STRICT_PROTOTYPES = YES;
				CLANG_WARN_SUSPICIOUS_MOVE = YES;
				CLANG_WARN_UNGUARDED_AVAILABILITY = YES_AGGRESSIVE;
				CLANG_WARN_UNREACHABLE_CODE = YES;
				CLANG_WARN__DUPLICATE_METHOD_MATCH = YES;
				COPY_PHASE_STRIP = NO;
				DEBUG_INFORMATION_FORMAT = "dwarf-with-dsym";
				ENABLE_NS_ASSERTIONS = NO;
				ENABLE_STRICT_OBJC_MSGSEND = YES;
				GCC_C_LANGUAGE_STANDARD = gnu11;
				GCC_NO_COMMON_BLOCKS = YES;
				GCC_WARN_64_TO_32_BIT_CONVERSION = YES;
				GCC_WARN_ABOUT_RETURN_TYPE = YES_ERROR;
				GCC_WARN_UNDECLARED_SELECTOR = YES;
				GCC_WARN_UNINITIALIZED_AUTOS = YES_AGGRESSIVE;
				GCC_WARN_UNUSED_FUNCTION = YES;
				GCC_WARN_UNUSED_VARIABLE = YES;
				IPHONEOS_DEPLOYMENT_TARGET = 16.1;
				MTL_ENABLE_DEBUG_INFO = NO;
				MTL_FAST_MATH = YES;
				SDKROOT = iphoneos;
				SWIFT_COMPILATION_MODE = wholemodule;
				SWIFT_OPTIMIZATION_LEVEL = "-O";
				VALIDATE_PRODUCT = YES;
			};
			name = Release;
		};
		04279C682C6FF09300407297 /* Debug */ = {
			isa = XCBuildConfiguration;
			baseConfigurationReference = 63E002F13CE3F0B57F3D4E36 /* Pods-QuickBite.debug.xcconfig */;
			buildSettings = {
				ASSETCATALOG_COMPILER_APPICON_NAME = AppIcon;
				ASSETCATALOG_COMPILER_GLOBAL_ACCENT_COLOR_NAME = AccentColor;
				CODE_SIGN_STYLE = Automatic;
				CURRENT_PROJECT_VERSION = 1;
				GENERATE_INFOPLIST_FILE = YES;
				INFOPLIST_FILE = QuickBite/Info.plist;
				INFOPLIST_KEY_UIApplicationSupportsIndirectInputEvents = YES;
				INFOPLIST_KEY_UILaunchStoryboardName = LaunchScreen;
				INFOPLIST_KEY_UIMainStoryboardFile = Main;
				INFOPLIST_KEY_UISupportedInterfaceOrientations_iPad = "UIInterfaceOrientationPortrait UIInterfaceOrientationPortraitUpsideDown UIInterfaceOrientationLandscapeLeft UIInterfaceOrientationLandscapeRight";
				INFOPLIST_KEY_UISupportedInterfaceOrientations_iPhone = "UIInterfaceOrientationPortrait UIInterfaceOrientationLandscapeLeft UIInterfaceOrientationLandscapeRight";
				LD_RUNPATH_SEARCH_PATHS = (
					"$(inherited)",
					"@executable_path/Frameworks",
				);
				MARKETING_VERSION = 1.0;
				PRODUCT_BUNDLE_IDENTIFIER = com.hussam.QuickBite;
				PRODUCT_NAME = "$(TARGET_NAME)";
				SWIFT_EMIT_LOC_STRINGS = YES;
				SWIFT_VERSION = 5.0;
				TARGETED_DEVICE_FAMILY = "1,2";
			};
			name = Debug;
		};
		04279C692C6FF09300407297 /* Release */ = {
			isa = XCBuildConfiguration;
			baseConfigurationReference = 0BF93E051224A39FC464518E /* Pods-QuickBite.release.xcconfig */;
			buildSettings = {
				ASSETCATALOG_COMPILER_APPICON_NAME = AppIcon;
				ASSETCATALOG_COMPILER_GLOBAL_ACCENT_COLOR_NAME = AccentColor;
				CODE_SIGN_STYLE = Automatic;
				CURRENT_PROJECT_VERSION = 1;
				GENERATE_INFOPLIST_FILE = YES;
				INFOPLIST_FILE = QuickBite/Info.plist;
				INFOPLIST_KEY_UIApplicationSupportsIndirectInputEvents = YES;
				INFOPLIST_KEY_UILaunchStoryboardName = LaunchScreen;
				INFOPLIST_KEY_UIMainStoryboardFile = Main;
				INFOPLIST_KEY_UISupportedInterfaceOrientations_iPad = "UIInterfaceOrientationPortrait UIInterfaceOrientationPortraitUpsideDown UIInterfaceOrientationLandscapeLeft UIInterfaceOrientationLandscapeRight";
				INFOPLIST_KEY_UISupportedInterfaceOrientations_iPhone = "UIInterfaceOrientationPortrait UIInterfaceOrientationLandscapeLeft UIInterfaceOrientationLandscapeRight";
				LD_RUNPATH_SEARCH_PATHS = (
					"$(inherited)",
					"@executable_path/Frameworks",
				);
				MARKETING_VERSION = 1.0;
				PRODUCT_BUNDLE_IDENTIFIER = com.hussam.QuickBite;
				PRODUCT_NAME = "$(TARGET_NAME)";
				SWIFT_EMIT_LOC_STRINGS = YES;
				SWIFT_VERSION = 5.0;
				TARGETED_DEVICE_FAMILY = "1,2";
			};
			name = Release;
		};
/* End XCBuildConfiguration section */

/* Begin XCConfigurationList section */
		04279C4B2C6FF09200407297 /* Build configuration list for PBXProject "QuickBite" */ = {
			isa = XCConfigurationList;
			buildConfigurations = (
				04279C652C6FF09300407297 /* Debug */,
				04279C662C6FF09300407297 /* Release */,
			);
			defaultConfigurationIsVisible = 0;
			defaultConfigurationName = Release;
		};
		04279C672C6FF09300407297 /* Build configuration list for PBXNativeTarget "QuickBite" */ = {
			isa = XCConfigurationList;
			buildConfigurations = (
				04279C682C6FF09300407297 /* Debug */,
				04279C692C6FF09300407297 /* Release */,
			);
			defaultConfigurationIsVisible = 0;
			defaultConfigurationName = Release;
		};
/* End XCConfigurationList section */

/* Begin XCVersionGroup section */
		04279C5C2C6FF09200407297 /* QuickBite.xcdatamodeld */ = {
			isa = XCVersionGroup;
			children = (
				04279C5D2C6FF09200407297 /* QuickBite.xcdatamodel */,
			);
			currentVersion = 04279C5D2C6FF09200407297 /* QuickBite.xcdatamodel */;
			path = QuickBite.xcdatamodeld;
			sourceTree = "<group>";
			versionGroupType = wrapper.xcdatamodel;
		};
/* End XCVersionGroup section */
	};
	rootObject = 04279C482C6FF09200407297 /* Project object */;
}
